
Microsoft Visual Studio Solution File, Format Version 12.00
# Visual Studio Version 17
VisualStudioVersion = 17.2.32630.192
MinimumVisualStudioVersion = 10.0.40219.1
Project("{FAE04EC0-301F-11D3-BF4B-00C04F79EFBC}") = "Задание 6.3", "Задание 6.3.csproj", "{D5113F5D-1A59-421F-BE01-DD2D1C18B31B}"
EndProject
Global
	GlobalSection(SolutionConfigurationPlatforms) = preSolution
		Debug|Any CPU = Debug|Any CPU
		Release|Any CPU = Release|Any CPU
	EndGlobalSection
	GlobalSection(ProjectConfigurationPlatforms) = postSolution
		{D5113F5D-1A59-421F-BE01-DD2D1C18B31B}.Debug|Any CPU.ActiveCfg = Debug|Any CPU
		{D5113F5D-1A59-421F-BE01-DD2D1C18B31B}.Debug|Any CPU.Build.0 = Debug|Any CPU
		{D5113F5D-1A59-421F-BE01-DD2D1C18B31B}.Release|Any CPU.ActiveCfg = Release|Any CPU
		{D5113F5D-1A59-421F-BE01-DD2D1C18B31B}.Release|Any CPU.Build.0 = Release|Any CPU
	EndGlobalSection
	GlobalSection(SolutionProperties) = preSolution
		HideSolutionNode = FALSE
	EndGlobalSection
	GlobalSection(ExtensibilityGlobals) = postSolution
		SolutionGuid = {E1E7A957-E49B-4090-B5A2-80EA60E047B4}
	EndGlobalSection
EndGlobal
